// !$*UTF8*$!
{
	archiveVersion = 1;
	classes = {
	};
	objectVersion = 54;
	objects = {

/* Begin PBXBuildFile section */
		91D7CFE127B87AC50070AA6A /* AppDelegate.swift in Sources */ = {isa = PBXBuildFile; fileRef = 91D7CFE027B87AC50070AA6A /* AppDelegate.swift */; };
		91D7CFE327B87AC50070AA6A /* SceneDelegate.swift in Sources */ = {isa = PBXBuildFile; fileRef = 91D7CFE227B87AC50070AA6A /* SceneDelegate.swift */; };
		91D7CFE527B87AC50070AA6A /* ViewController.swift in Sources */ = {isa = PBXBuildFile; fileRef = 91D7CFE427B87AC50070AA6A /* ViewController.swift */; };
		91D7CFE827B87AC50070AA6A /* Main.storyboard in Resources */ = {isa = PBXBuildFile; fileRef = 91D7CFE627B87AC50070AA6A /* Main.storyboard */; };
		91D7CFEA27B87ACB0070AA6A /* Assets.xcassets in Resources */ = {isa = PBXBuildFile; fileRef = 91D7CFE927B87ACB0070AA6A /* Assets.xcassets */; };
		91D7CFED27B87ACB0070AA6A /* LaunchScreen.storyboard in Resources */ = {isa = PBXBuildFile; fileRef = 91D7CFEB27B87ACB0070AA6A /* LaunchScreen.storyboard */; };
		91D7CFF627B87CAA0070AA6A /* ViewCode.swift in Sources */ = {isa = PBXBuildFile; fileRef = 91D7CFF527B87CAA0070AA6A /* ViewCode.swift */; };
		91D7CFF827B87E420070AA6A /* FirstScreenViewController.swift in Sources */ = {isa = PBXBuildFile; fileRef = 91D7CFF727B87E420070AA6A /* FirstScreenViewController.swift */; };
		91D7CFFA27B88F7E0070AA6A /* FirstScreenTableViewCell.swift in Sources */ = {isa = PBXBuildFile; fileRef = 91D7CFF927B88F7E0070AA6A /* FirstScreenTableViewCell.swift */; };
/* End PBXBuildFile section */

/* Begin PBXFileReference section */
		91D7CFDD27B87AC50070AA6A /* FirstApp.app */ = {isa = PBXFileReference; explicitFileType = wrapper.application; includeInIndex = 0; path = FirstApp.app; sourceTree = BUILT_PRODUCTS_DIR; };
		91D7CFE027B87AC50070AA6A /* AppDelegate.swift */ = {isa = PBXFileReference; lastKnownFileType = sourcecode.swift; path = AppDelegate.swift; sourceTree = "<group>"; };
		91D7CFE227B87AC50070AA6A /* SceneDelegate.swift */ = {isa = PBXFileReference; lastKnownFileType = sourcecode.swift; path = SceneDelegate.swift; sourceTree = "<group>"; };
		91D7CFE427B87AC50070AA6A /* ViewController.swift */ = {isa = PBXFileReference; lastKnownFileType = sourcecode.swift; path = ViewController.swift; sourceTree = "<group>"; };
		91D7CFE727B87AC50070AA6A /* Base */ = {isa = PBXFileReference; lastKnownFileType = file.storyboard; name = Base; path = Base.lproj/Main.storyboard; sourceTree = "<group>"; };
		91D7CFE927B87ACB0070AA6A /* Assets.xcassets */ = {isa = PBXFileReference; lastKnownFileType = folder.assetcatalog; path = Assets.xcassets; sourceTree = "<group>"; };
		91D7CFEC27B87ACB0070AA6A /* Base */ = {isa = PBXFileReference; lastKnownFileType = file.storyboard; name = Base; path = Base.lproj/LaunchScreen.storyboard; sourceTree = "<group>"; };
		91D7CFEE27B87ACB0070AA6A /* Info.plist */ = {isa = PBXFileReference; lastKnownFileType = text.plist.xml; path = Info.plist; sourceTree = "<group>"; };
		91D7CFF527B87CAA0070AA6A /* ViewCode.swift */ = {isa = PBXFileReference; lastKnownFileType = sourcecode.swift; path = ViewCode.swift; sourceTree = "<group>"; };
		91D7CFF727B87E420070AA6A /* FirstScreenViewController.swift */ = {isa = PBXFileReference; lastKnownFileType = sourcecode.swift; path = FirstScreenViewController.swift; sourceTree = "<group>"; };
		91D7CFF927B88F7E0070AA6A /* FirstScreenTableViewCell.swift */ = {isa = PBXFileReference; lastKnownFileType = sourcecode.swift; path = FirstScreenTableViewCell.swift; sourceTree = "<group>"; };
/* End PBXFileReference section */

/* Begin PBXFrameworksBuildPhase section */
		91D7CFDA27B87AC50070AA6A /* Frameworks */ = {
			isa = PBXFrameworksBuildPhase;
			buildActionMask = 2147483647;
			files = (
			);
			runOnlyForDeploymentPostprocessing = 0;
		};
/* End PBXFrameworksBuildPhase section */

/* Begin PBXGroup section */
		91D7CFD427B87AC50070AA6A = {
			isa = PBXGroup;
			children = (
				91D7CFDF27B87AC50070AA6A /* FirstApp */,
				91D7CFDE27B87AC50070AA6A /* Products */,
			);
			sourceTree = "<group>";
		};
		91D7CFDE27B87AC50070AA6A /* Products */ = {
			isa = PBXGroup;
			children = (
				91D7CFDD27B87AC50070AA6A /* FirstApp.app */,
			);
			name = Products;
			sourceTree = "<group>";
		};
		91D7CFDF27B87AC50070AA6A /* FirstApp */ = {
			isa = PBXGroup;
			children = (
				91D7CFF427B87C550070AA6A /* FirstScreen */,
				91D7CFE027B87AC50070AA6A /* AppDelegate.swift */,
				91D7CFE227B87AC50070AA6A /* SceneDelegate.swift */,
				91D7CFE427B87AC50070AA6A /* ViewController.swift */,
				91D7CFE627B87AC50070AA6A /* Main.storyboard */,
				91D7CFE927B87ACB0070AA6A /* Assets.xcassets */,
				91D7CFEB27B87ACB0070AA6A /* LaunchScreen.storyboard */,
				91D7CFEE27B87ACB0070AA6A /* Info.plist */,
			);
			path = FirstApp;
			sourceTree = "<group>";
		};
		91D7CFF427B87C550070AA6A /* FirstScreen */ = {
			isa = PBXGroup;
			children = (
				91D7CFF527B87CAA0070AA6A /* ViewCode.swift */,
				91D7CFF727B87E420070AA6A /* FirstScreenViewController.swift */,
				91D7CFF927B88F7E0070AA6A /* FirstScreenTableViewCell.swift */,
			);
			path = FirstScreen;
			sourceTree = "<group>";
		};
/* End PBXGroup section */

/* Begin PBXNativeTarget section */
		91D7CFDC27B87AC50070AA6A /* FirstApp */ = {
			isa = PBXNativeTarget;
			buildConfigurationList = 91D7CFF127B87ACB0070AA6A /* Build configuration list for PBXNativeTarget "FirstApp" */;
			buildPhases = (
				91D7CFD927B87AC50070AA6A /* Sources */,
				91D7CFDA27B87AC50070AA6A /* Frameworks */,
				91D7CFDB27B87AC50070AA6A /* Resources */,
			);
			buildRules = (
			);
			dependencies = (
			);
			name = FirstApp;
			productName = FirstApp;
			productReference = 91D7CFDD27B87AC50070AA6A /* FirstApp.app */;
			productType = "com.apple.product-type.application";
		};
/* End PBXNativeTarget section */

/* Begin PBXProject section */
		91D7CFD527B87AC50070AA6A /* Project object */ = {
			isa = PBXProject;
			attributes = {
				LastSwiftUpdateCheck = 1250;
				LastUpgradeCheck = 1250;
				TargetAttributes = {
					91D7CFDC27B87AC50070AA6A = {
						CreatedOnToolsVersion = 12.5.1;
					};
				};
			};
			buildConfigurationList = 91D7CFD827B87AC50070AA6A /* Build configuration list for PBXProject "FirstApp" */;
			compatibilityVersion = "Xcode 12.0";
			developmentRegion = en;
			hasScannedForEncodings = 0;
			knownRegions = (
				en,
				Base,
			);
			mainGroup = 91D7CFD427B87AC50070AA6A;
			productRefGroup = 91D7CFDE27B87AC50070AA6A /* Products */;
			projectDirPath = "";
			projectRoot = "";
			targets = (
				91D7CFDC27B87AC50070AA6A /* FirstApp */,
			);
		};
/* End PBXProject section */

/* Begin PBXResourcesBuildPhase section */
		91D7CFDB27B87AC50070AA6A /* Resources */ = {
			isa = PBXResourcesBuildPhase;
			buildActionMask = 2147483647;
			files = (
				91D7CFED27B87ACB0070AA6A /* LaunchScreen.storyboard in Resources */,
				91D7CFEA27B87ACB0070AA6A /* Assets.xcassets in Resources */,
				91D7CFE827B87AC50070AA6A /* Main.storyboard in Resources */,
			);
			runOnlyForDeploymentPostprocessing = 0;
		};
/* End PBXResourcesBuildPhase section */

/* Begin PBXSourcesBuildPhase section */
		91D7CFD927B87AC50070AA6A /* Sources */ = {
			isa = PBXSourcesBuildPhase;
			buildActionMask = 2147483647;
			files = (
				91D7CFE527B87AC50070AA6A /* ViewController.swift in Sources */,
				91D7CFE127B87AC50070AA6A /* AppDelegate.swift in Sources */,
				91D7CFFA27B88F7E0070AA6A /* FirstScreenTableViewCell.swift in Sources */,
				91D7CFE327B87AC50070AA6A /* SceneDelegate.swift in Sources */,
				91D7CFF627B87CAA0070AA6A /* ViewCode.swift in Sources */,
				91D7CFF827B87E420070AA6A /* FirstScreenViewController.swift in Sources */,
			);
			runOnlyForDeploymentPostprocessing = 0;
		};
/* End PBXSourcesBuildPhase section */

/* Begin PBXVariantGroup section */
		91D7CFE627B87AC50070AA6A /* Main.storyboard */ = {
			isa = PBXVariantGroup;
			children = (
				91D7CFE727B87AC50070AA6A /* Base */,
			);
			name = Main.storyboard;
			sourceTree = "<group>";
		};
		91D7CFEB27B87ACB0070AA6A /* LaunchScreen.storyboard */ = {
			isa = PBXVariantGroup;
			children = (
				91D7CFEC27B87ACB0070AA6A /* Base */,
			);
			name = LaunchScreen.storyboard;
			sourceTree = "<group>";
		};
/* End PBXVariantGroup section */

/* Begin XCBuildConfiguration section */
		91D7CFEF27B87ACB0070AA6A /* Debug */ = {
			isa = XCBuildConfiguration;
			buildSettings = {
				ALWAYS_SEARCH_USER_PATHS = NO;
				CLANG_ANALYZER_NONNULL = YES;
				CLANG_ANALYZER_NUMBER_OBJECT_CONVERSION = YES_AGGRESSIVE;
				CLANG_CXX_LANGUAGE_STANDARD = "gnu++14";
				CLANG_CXX_LIBRARY = "libc++";
				CLANG_ENABLE_MODULES = YES;
				CLANG_ENABLE_OBJC_ARC = YES;
				CLANG_ENABLE_OBJC_WEAK = YES;
				CLANG_WARN_BLOCK_CAPTURE_AUTORELEASING = YES;
				CLANG_WARN_BOOL_CONVERSION = YES;
				CLANG_WARN_COMMA = YES;
				CLANG_WARN_CONSTANT_CONVERSION = YES;
				CLANG_WARN_DEPRECATED_OBJC_IMPLEMENTATIONS = YES;
				CLANG_WARN_DIRECT_OBJC_ISA_USAGE = YES_ERROR;
				CLANG_WARN_DOCUMENTATION_COMMENTS = YES;
				CLANG_WARN_EMPTY_BODY = YES;
				CLANG_WARN_ENUM_CONVERSION = YES;
				CLANG_WARN_INFINITE_RECURSION = YES;
				CLANG_WARN_INT_CONVERSION = YES;
				CLANG_WARN_NON_LITERAL_NULL_CONVERSION = YES;
				CLANG_WARN_OBJC_IMPLICIT_RETAIN_SELF = YES;
				CLANG_WARN_OBJC_LITERAL_CONVERSION = YES;
				CLANG_WARN_OBJC_ROOT_CLASS = YES_ERROR;
				CLANG_WARN_QUOTED_INCLUDE_IN_FRAMEWORK_HEADER = YES;
				CLANG_WARN_RANGE_LOOP_ANALYSIS = YES;
				CLANG_WARN_STRICT_PROTOTYPES = YES;
				CLANG_WARN_SUSPICIOUS_MOVE = YES;
				CLANG_WARN_UNGUARDED_AVAILABILITY = YES_AGGRESSIVE;
				CLANG_WARN_UNREACHABLE_CODE = YES;
				CLANG_WARN__DUPLICATE_METHOD_MATCH = YES;
				COPY_PHASE_STRIP = NO;
				DEBUG_INFORMATION_FORMAT = dwarf;
				ENABLE_STRICT_OBJC_MSGSEND = YES;
				ENABLE_TESTABILITY = YES;
				GCC_C_LANGUAGE_STANDARD = gnu11;
				GCC_DYNAMIC_NO_PIC = NO;
				GCC_NO_COMMON_BLOCKS = YES;
				GCC_OPTIMIZATION_LEVEL = 0;
				GCC_PREPROCESSOR_DEFINITIONS = (
					"DEBUG=1",
					"$(inherited)",
				);
				GCC_WARN_64_TO_32_BIT_CONVERSION = YES;
				GCC_WARN_ABOUT_RETURN_TYPE = YES_ERROR;
				GCC_WARN_UNDECLARED_SELECTOR = YES;
				GCC_WARN_UNINITIALIZED_AUTOS = YES_AGGRESSIVE;
				GCC_WARN_UNUSED_FUNCTION = YES;
				GCC_WARN_UNUSED_VARIABLE = YES;
				IPHONEOS_DEPLOYMENT_TARGET = 14.5;
				MTL_ENABLE_DEBUG_INFO = INCLUDE_SOURCE;
				MTL_FAST_MATH = YES;
				ONLY_ACTIVE_ARCH = YES;
				SDKROOT = iphoneos;
				SWIFT_ACTIVE_COMPILATION_CONDITIONS = DEBUG;
				SWIFT_OPTIMIZATION_LEVEL = "-Onone";
			};
			name = Debug;
		};
		91D7CFF027B87ACB0070AA6A /* Release */ = {
			isa = XCBuildConfiguration;
			buildSettings = {
				ALWAYS_SEARCH_USER_PATHS = NO;
				CLANG_ANALYZER_NONNULL = YES;
				CLANG_ANALYZER_NUMBER_OBJECT_CONVERSION = YES_AGGRESSIVE;
				CLANG_CXX_LANGUAGE_STANDARD = "gnu++14";
				CLANG_CXX_LIBRARY = "libc++";
				CLANG_ENABLE_MODULES = YES;
				CLANG_ENABLE_OBJC_ARC = YES;
				CLANG_ENABLE_OBJC_WEAK = YES;
				CLANG_WARN_BLOCK_CAPTURE_AUTORELEASING = YES;
				CLANG_WARN_BOOL_CONVERSION = YES;
				CLANG_WARN_COMMA = YES;
				CLANG_WARN_CONSTANT_CONVERSION = YES;
				CLANG_WARN_DEPRECATED_OBJC_IMPLEMENTATIONS = YES;
				CLANG_WARN_DIRECT_OBJC_ISA_USAGE = YES_ERROR;
				CLANG_WARN_DOCUMENTATION_COMMENTS = YES;
				CLANG_WARN_EMPTY_BODY = YES;
				CLANG_WARN_ENUM_CONVERSION = YES;
				CLANG_WARN_INFINITE_RECURSION = YES;
				CLANG_WARN_INT_CONVERSION = YES;
				CLANG_WARN_NON_LITERAL_NULL_CONVERSION = YES;
				CLANG_WARN_OBJC_IMPLICIT_RETAIN_SELF = YES;
				CLANG_WARN_OBJC_LITERAL_CONVERSION = YES;
				CLANG_WARN_OBJC_ROOT_CLASS = YES_ERROR;
				CLANG_WARN_QUOTED_INCLUDE_IN_FRAMEWORK_HEADER = YES;
				CLANG_WARN_RANGE_LOOP_ANALYSIS = YES;
				CLANG_WARN_STRICT_PROTOTYPES = YES;
				CLANG_WARN_SUSPICIOUS_MOVE = YES;
				CLANG_WARN_UNGUARDED_AVAILABILITY = YES_AGGRESSIVE;
				CLANG_WARN_UNREACHABLE_CODE = YES;
				CLANG_WARN__DUPLICATE_METHOD_MATCH = YES;
				COPY_PHASE_STRIP = NO;
				DEBUG_INFORMATION_FORMAT = "dwarf-with-dsym";
				ENABLE_NS_ASSERTIONS = NO;
				ENABLE_STRICT_OBJC_MSGSEND = YES;
				GCC_C_LANGUAGE_STANDARD = gnu11;
				GCC_NO_COMMON_BLOCKS = YES;
				GCC_WARN_64_TO_32_BIT_CONVERSION = YES;
				GCC_WARN_ABOUT_RETURN_TYPE = YES_ERROR;
				GCC_WARN_UNDECLARED_SELECTOR = YES;
				GCC_WARN_UNINITIALIZED_AUTOS = YES_AGGRESSIVE;
				GCC_WARN_UNUSED_FUNCTION = YES;
				GCC_WARN_UNUSED_VARIABLE = YES;
				IPHONEOS_DEPLOYMENT_TARGET = 14.5;
				MTL_ENABLE_DEBUG_INFO = NO;
				MTL_FAST_MATH = YES;
				SDKROOT = iphoneos;
				SWIFT_COMPILATION_MODE = wholemodule;
				SWIFT_OPTIMIZATION_LEVEL = "-O";
				VALIDATE_PRODUCT = YES;
			};
			name = Release;
		};
		91D7CFF227B87ACB0070AA6A /* Debug */ = {
			isa = XCBuildConfiguration;
			buildSettings = {
				ASSETCATALOG_COMPILER_APPICON_NAME = AppIcon;
				ASSETCATALOG_COMPILER_GLOBAL_ACCENT_COLOR_NAME = AccentColor;
				CODE_SIGN_STYLE = Automatic;
				INFOPLIST_FILE = FirstApp/Info.plist;
				LD_RUNPATH_SEARCH_PATHS = (
					"$(inherited)",
					"@executable_path/Frameworks",
				);
				PRODUCT_BUNDLE_IDENTIFIER = grasi.FirstApp;
				PRODUCT_NAME = "$(TARGET_NAME)";
				SWIFT_VERSION = 5.0;
				TARGETED_DEVICE_FAMILY = "1,2";
			};
			name = Debug;
		};
		91D7CFF327B87ACB0070AA6A /* Release */ = {
			isa = XCBuildConfiguration;
			buildSettings = {
				ASSETCATALOG_COMPILER_APPICON_NAME = AppIcon;
				ASSETCATALOG_COMPILER_GLOBAL_ACCENT_COLOR_NAME = AccentColor;
				CODE_SIGN_STYLE = Automatic;
				INFOPLIST_FILE = FirstApp/Info.plist;
				LD_RUNPATH_SEARCH_PATHS = (
					"$(inherited)",
					"@executable_path/Frameworks",
				);
				PRODUCT_BUNDLE_IDENTIFIER = grasi.FirstApp;
				PRODUCT_NAME = "$(TARGET_NAME)";
				SWIFT_VERSION = 5.0;
				TARGETED_DEVICE_FAMILY = "1,2";
			};
			name = Release;
		};
/* End XCBuildConfiguration section */

/* Begin XCConfigurationList section */
		91D7CFD827B87AC50070AA6A /* Build configuration list for PBXProject "FirstApp" */ = {
			isa = XCConfigurationList;
			buildConfigurations = (
				91D7CFEF27B87ACB0070AA6A /* Debug */,
				91D7CFF027B87ACB0070AA6A /* Release */,
			);
			defaultConfigurationIsVisible = 0;
			defaultConfigurationName = Release;
		};
		91D7CFF127B87ACB0070AA6A /* Build configuration list for PBXNativeTarget "FirstApp" */ = {
			isa = XCConfigurationList;
			buildConfigurations = (
				91D7CFF227B87ACB0070AA6A /* Debug */,
				91D7CFF327B87ACB0070AA6A /* Release */,
			);
			defaultConfigurationIsVisible = 0;
			defaultConfigurationName = Release;
		};
/* End XCConfigurationList section */
	};
	rootObject = 91D7CFD527B87AC50070AA6A /* Project object */;
}
